
Microsoft Visual Studio Solution File, Format Version 12.00
# Visual Studio 2015
Project("{FAE04EC0-301F-11D3-BF4B-00C04F79EFBC}") = "MetalMarines.CSharp", "MetalMarines.CSharp.csproj", "{178825AC-2D31-B7A6-FB58-FA1DE6E90F89}"
EndProject
Global
	GlobalSection(SolutionConfigurationPlatforms) = preSolution
		Debug|Any CPU = Debug|Any CPU
		Release|Any CPU = Release|Any CPU
	EndGlobalSection
	GlobalSection(ProjectConfigurationPlatforms) = postSolution
		{178825AC-2D31-B7A6-FB58-FA1DE6E90F89}.Debug|Any CPU.ActiveCfg = Debug|Any CPU
		{178825AC-2D31-B7A6-FB58-FA1DE6E90F89}.Debug|Any CPU.Build.0 = Debug|Any CPU
		{178825AC-2D31-B7A6-FB58-FA1DE6E90F89}.Release|Any CPU.ActiveCfg = Release|Any CPU
		{178825AC-2D31-B7A6-FB58-FA1DE6E90F89}.Release|Any CPU.Build.0 = Release|Any CPU
	EndGlobalSection
	GlobalSection(SolutionProperties) = preSolution
		HideSolutionNode = FALSE
	EndGlobalSection
EndGlobal
